
Microsoft Visual Studio Solution File, Format Version 12.00
# Visual Studio Version 17
VisualStudioVersion = 17.5.002.0
MinimumVisualStudioVersion = 10.0.40219.1
Project("{9A19103F-16F7-4668-BE54-9A1E7A4F7556}") = "orange", "orange.csproj", "{614997B4-CB31-42F2-9890-913ECB2B242B}"
EndProject
Global
	GlobalSection(SolutionConfigurationPlatforms) = preSolution
		Debug|Any CPU = Debug|Any CPU
		Release|Any CPU = Release|Any CPU
	EndGlobalSection
	GlobalSection(ProjectConfigurationPlatforms) = postSolution
		{614997B4-CB31-42F2-9890-913ECB2B242B}.Debug|Any CPU.ActiveCfg = Debug|Any CPU
		{614997B4-CB31-42F2-9890-913ECB2B242B}.Debug|Any CPU.Build.0 = Debug|Any CPU
		{614997B4-CB31-42F2-9890-913ECB2B242B}.Release|Any CPU.ActiveCfg = Release|Any CPU
		{614997B4-CB31-42F2-9890-913ECB2B242B}.Release|Any CPU.Build.0 = Release|Any CPU
	EndGlobalSection
	GlobalSection(SolutionProperties) = preSolution
		HideSolutionNode = FALSE
	EndGlobalSection
	GlobalSection(ExtensibilityGlobals) = postSolution
		SolutionGuid = {72EA56D6-D0FE-44F7-BB6A-347190834B39}
	EndGlobalSection
EndGlobal
